
Microsoft Visual Studio Solution File, Format Version 12.00
# Visual Studio Version 17
VisualStudioVersion = 17.5.002.0
MinimumVisualStudioVersion = 10.0.40219.1
Project("{2150E333-8FDC-42A3-9474-1A3956D46DE8}") = "RockPaperScissors", "RockPaperScissors", "{DD482562-3F05-438E-91AE-4D1CC296B892}"
EndProject
Project("{9A19103F-16F7-4668-BE54-9A1E7A4F7556}") = "RockPaperScissors.Project", "RockPaperScissors\RockPaperScissors.Project\RockPaperScissors.Project.csproj", "{9B67C9EB-5E5F-45E4-9041-EAA8EABF6BF0}"
EndProject
Project("{9A19103F-16F7-4668-BE54-9A1E7A4F7556}") = "RockPaperScissors.Test", "RockPaperScissors\RockPaperScissors.Test\RockPaperScissors.Test.csproj", "{3E62D40A-9F42-489D-BB45-77AC0974C2E2}"
EndProject
Global
	GlobalSection(SolutionConfigurationPlatforms) = preSolution
		Debug|Any CPU = Debug|Any CPU
		Release|Any CPU = Release|Any CPU
	EndGlobalSection
	GlobalSection(ProjectConfigurationPlatforms) = postSolution
		{9B67C9EB-5E5F-45E4-9041-EAA8EABF6BF0}.Debug|Any CPU.ActiveCfg = Debug|Any CPU
		{9B67C9EB-5E5F-45E4-9041-EAA8EABF6BF0}.Debug|Any CPU.Build.0 = Debug|Any CPU
		{9B67C9EB-5E5F-45E4-9041-EAA8EABF6BF0}.Release|Any CPU.ActiveCfg = Release|Any CPU
		{9B67C9EB-5E5F-45E4-9041-EAA8EABF6BF0}.Release|Any CPU.Build.0 = Release|Any CPU
		{3E62D40A-9F42-489D-BB45-77AC0974C2E2}.Debug|Any CPU.ActiveCfg = Debug|Any CPU
		{3E62D40A-9F42-489D-BB45-77AC0974C2E2}.Debug|Any CPU.Build.0 = Debug|Any CPU
		{3E62D40A-9F42-489D-BB45-77AC0974C2E2}.Release|Any CPU.ActiveCfg = Release|Any CPU
		{3E62D40A-9F42-489D-BB45-77AC0974C2E2}.Release|Any CPU.Build.0 = Release|Any CPU
	EndGlobalSection
	GlobalSection(SolutionProperties) = preSolution
		HideSolutionNode = FALSE
	EndGlobalSection
	GlobalSection(NestedProjects) = preSolution
		{9B67C9EB-5E5F-45E4-9041-EAA8EABF6BF0} = {DD482562-3F05-438E-91AE-4D1CC296B892}
		{3E62D40A-9F42-489D-BB45-77AC0974C2E2} = {DD482562-3F05-438E-91AE-4D1CC296B892}
	EndGlobalSection
	GlobalSection(ExtensibilityGlobals) = postSolution
		SolutionGuid = {B531EBF8-F71F-41CD-A66D-0FD9F213446E}
	EndGlobalSection
EndGlobal
